
Microsoft Visual Studio Solution File, Format Version 12.00
# Visual Studio Version 16
VisualStudioVersion = 16.0.31129.286
MinimumVisualStudioVersion = 10.0.40219.1
Project("{FAE04EC0-301F-11D3-BF4B-00C04F79EFBC}") = "Estudo_try", "Estudo_try\Estudo_try.csproj", "{1146B1FC-2E71-41D0-AA1F-173AA74616A7}"
EndProject
Global
	GlobalSection(SolutionConfigurationPlatforms) = preSolution
		Debug|Any CPU = Debug|Any CPU
		Release|Any CPU = Release|Any CPU
	EndGlobalSection
	GlobalSection(ProjectConfigurationPlatforms) = postSolution
		{1146B1FC-2E71-41D0-AA1F-173AA74616A7}.Debug|Any CPU.ActiveCfg = Debug|Any CPU
		{1146B1FC-2E71-41D0-AA1F-173AA74616A7}.Debug|Any CPU.Build.0 = Debug|Any CPU
		{1146B1FC-2E71-41D0-AA1F-173AA74616A7}.Release|Any CPU.ActiveCfg = Release|Any CPU
		{1146B1FC-2E71-41D0-AA1F-173AA74616A7}.Release|Any CPU.Build.0 = Release|Any CPU
	EndGlobalSection
	GlobalSection(SolutionProperties) = preSolution
		HideSolutionNode = FALSE
	EndGlobalSection
	GlobalSection(ExtensibilityGlobals) = postSolution
		SolutionGuid = {D3868D18-A4D9-4358-9651-2D22D343826A}
	EndGlobalSection
EndGlobal
